// !$*UTF8*$!
{
	archiveVersion = 1;
	classes = {
	};
	objectVersion = 46;
	objects = {

/* Begin PBXBuildFile section */
		EAFD1F8B5DC37B3D150A0212 /* Pods_ZONE.framework in Frameworks */ = {isa = PBXBuildFile; fileRef = D6EAA74FFFBDBF978B3A03D0 /* Pods_ZONE.framework */; };
		EF3F2C501E2650E600478BF0 /* ZReadViewController.swift in Sources */ = {isa = PBXBuildFile; fileRef = EF3F2C4F1E2650E600478BF0 /* ZReadViewController.swift */; };
		EF3F2C521E26528100478BF0 /* ZReadTableCell.swift in Sources */ = {isa = PBXBuildFile; fileRef = EF3F2C511E26528100478BF0 /* ZReadTableCell.swift */; };
		EF3F2C541E26580C00478BF0 /* ZReadModel.swift in Sources */ = {isa = PBXBuildFile; fileRef = EF3F2C531E26580C00478BF0 /* ZReadModel.swift */; };
		EF3F2C561E265C1A00478BF0 /* ZBaseNetWorkManager.swift in Sources */ = {isa = PBXBuildFile; fileRef = EF3F2C551E265C1A00478BF0 /* ZBaseNetWorkManager.swift */; };
		EF3F2C5A1E2678BF00478BF0 /* ZResposeModel.swift in Sources */ = {isa = PBXBuildFile; fileRef = EF3F2C591E2678BF00478BF0 /* ZResposeModel.swift */; };
		EF3F2C5C1E267C9100478BF0 /* ZAPIMarco.swift in Sources */ = {isa = PBXBuildFile; fileRef = EF3F2C5B1E267C9100478BF0 /* ZAPIMarco.swift */; };
		EF3F2C8A1E2687B400478BF0 /* MJRefreshAutoFooter.m in Sources */ = {isa = PBXBuildFile; fileRef = EF3F2C601E2687B400478BF0 /* MJRefreshAutoFooter.m */; };
		EF3F2C8B1E2687B400478BF0 /* MJRefreshBackFooter.m in Sources */ = {isa = PBXBuildFile; fileRef = EF3F2C621E2687B400478BF0 /* MJRefreshBackFooter.m */; };
		EF3F2C8C1E2687B400478BF0 /* MJRefreshComponent.m in Sources */ = {isa = PBXBuildFile; fileRef = EF3F2C641E2687B400478BF0 /* MJRefreshComponent.m */; };
		EF3F2C8D1E2687B400478BF0 /* MJRefreshFooter.m in Sources */ = {isa = PBXBuildFile; fileRef = EF3F2C661E2687B400478BF0 /* MJRefreshFooter.m */; };
		EF3F2C8E1E2687B400478BF0 /* MJRefreshHeader.m in Sources */ = {isa = PBXBuildFile; fileRef = EF3F2C681E2687B400478BF0 /* MJRefreshHeader.m */; };
		EF3F2C8F1E2687B400478BF0 /* MJRefreshAutoGifFooter.m in Sources */ = {isa = PBXBuildFile; fileRef = EF3F2C6D1E2687B400478BF0 /* MJRefreshAutoGifFooter.m */; };
		EF3F2C901E2687B400478BF0 /* MJRefreshAutoNormalFooter.m in Sources */ = {isa = PBXBuildFile; fileRef = EF3F2C6F1E2687B400478BF0 /* MJRefreshAutoNormalFooter.m */; };
		EF3F2C911E2687B400478BF0 /* MJRefreshAutoStateFooter.m in Sources */ = {isa = PBXBuildFile; fileRef = EF3F2C711E2687B400478BF0 /* MJRefreshAutoStateFooter.m */; };
		EF3F2C921E2687B400478BF0 /* MJRefreshBackGifFooter.m in Sources */ = {isa = PBXBuildFile; fileRef = EF3F2C741E2687B400478BF0 /* MJRefreshBackGifFooter.m */; };
		EF3F2C931E2687B400478BF0 /* MJRefreshBackNormalFooter.m in Sources */ = {isa = PBXBuildFile; fileRef = EF3F2C761E2687B400478BF0 /* MJRefreshBackNormalFooter.m */; };
		EF3F2C941E2687B400478BF0 /* MJRefreshBackStateFooter.m in Sources */ = {isa = PBXBuildFile; fileRef = EF3F2C781E2687B400478BF0 /* MJRefreshBackStateFooter.m */; };
		EF3F2C951E2687B400478BF0 /* MJRefreshGifHeader.m in Sources */ = {isa = PBXBuildFile; fileRef = EF3F2C7B1E2687B400478BF0 /* MJRefreshGifHeader.m */; };
		EF3F2C961E2687B400478BF0 /* MJRefreshNormalHeader.m in Sources */ = {isa = PBXBuildFile; fileRef = EF3F2C7D1E2687B400478BF0 /* MJRefreshNormalHeader.m */; };
		EF3F2C971E2687B400478BF0 /* MJRefreshStateHeader.m in Sources */ = {isa = PBXBuildFile; fileRef = EF3F2C7F1E2687B400478BF0 /* MJRefreshStateHeader.m */; };
		EF3F2C981E2687B400478BF0 /* MJRefresh.bundle in Resources */ = {isa = PBXBuildFile; fileRef = EF3F2C801E2687B400478BF0 /* MJRefresh.bundle */; };
		EF3F2C991E2687B400478BF0 /* MJRefreshConst.m in Sources */ = {isa = PBXBuildFile; fileRef = EF3F2C831E2687B400478BF0 /* MJRefreshConst.m */; };
		EF3F2C9A1E2687B400478BF0 /* UIScrollView+MJExtension.m in Sources */ = {isa = PBXBuildFile; fileRef = EF3F2C851E2687B400478BF0 /* UIScrollView+MJExtension.m */; };
		EF3F2C9B1E2687B400478BF0 /* UIScrollView+MJRefresh.m in Sources */ = {isa = PBXBuildFile; fileRef = EF3F2C871E2687B400478BF0 /* UIScrollView+MJRefresh.m */; };
		EF3F2C9F1E26880600478BF0 /* UIView+MJExtension.m in Sources */ = {isa = PBXBuildFile; fileRef = EF3F2C9E1E26880600478BF0 /* UIView+MJExtension.m */; };
		EF60951F1E1245880087E56D /* Main.storyboard in Resources */ = {isa = PBXBuildFile; fileRef = EF60951D1E1245880087E56D /* Main.storyboard */; };
		EF6095211E1245880087E56D /* Assets.xcassets in Resources */ = {isa = PBXBuildFile; fileRef = EF6095201E1245880087E56D /* Assets.xcassets */; };
		EF6095241E1245880087E56D /* LaunchScreen.storyboard in Resources */ = {isa = PBXBuildFile; fileRef = EF6095221E1245880087E56D /* LaunchScreen.storyboard */; };
		EF60952F1E1245880087E56D /* ZONETests.swift in Sources */ = {isa = PBXBuildFile; fileRef = EF60952E1E1245880087E56D /* ZONETests.swift */; };
		EF60953A1E1245880087E56D /* ZONEUITests.swift in Sources */ = {isa = PBXBuildFile; fileRef = EF6095391E1245880087E56D /* ZONEUITests.swift */; };
		EF6095531E1246A20087E56D /* AppDelegate.swift in Sources */ = {isa = PBXBuildFile; fileRef = EF60954A1E1246A20087E56D /* AppDelegate.swift */; };
		EF6095551E1246CA0087E56D /* ZBaseNavigationController.swift in Sources */ = {isa = PBXBuildFile; fileRef = EF6095541E1246CA0087E56D /* ZBaseNavigationController.swift */; };
		EF6095571E1247090087E56D /* ZBaseTabBarController.swift in Sources */ = {isa = PBXBuildFile; fileRef = EF6095561E1247090087E56D /* ZBaseTabBarController.swift */; };
		EF6095591E12471C0087E56D /* ZBaseViewController.swift in Sources */ = {isa = PBXBuildFile; fileRef = EF6095581E12471C0087E56D /* ZBaseViewController.swift */; };
		EF60955F1E124CB70087E56D /* ZColorMacros.swift in Sources */ = {isa = PBXBuildFile; fileRef = EF60955E1E124CB70087E56D /* ZColorMacros.swift */; };
		EF6095611E1251500087E56D /* ZHomeViewController.swift in Sources */ = {isa = PBXBuildFile; fileRef = EF6095601E1251500087E56D /* ZHomeViewController.swift */; };
		EF6095631E1253450087E56D /* ZRectMacro.swift in Sources */ = {isa = PBXBuildFile; fileRef = EF6095621E1253450087E56D /* ZRectMacro.swift */; };
		EF6095671E127B3A0087E56D /* ZHomeModel.swift in Sources */ = {isa = PBXBuildFile; fileRef = EF6095661E127B3A0087E56D /* ZHomeModel.swift */; };
		EF6095691E127D390087E56D /* ZHomeDataModel.swift in Sources */ = {isa = PBXBuildFile; fileRef = EF6095681E127D390087E56D /* ZHomeDataModel.swift */; };
		EF60956C1E1280390087E56D /* SwiftyJSON.swift in Sources */ = {isa = PBXBuildFile; fileRef = EF60956B1E1280390087E56D /* SwiftyJSON.swift */; };
		EF658BBD1E1D1EFA009E97DC /* ZHomeTableCell.swift in Sources */ = {isa = PBXBuildFile; fileRef = EF658BBC1E1D1EFA009E97DC /* ZHomeTableCell.swift */; };
		EF6C7B0C1E13618200B6BBC4 /* UIViewExtension.swift in Sources */ = {isa = PBXBuildFile; fileRef = EF6C7B0B1E13618200B6BBC4 /* UIViewExtension.swift */; };
		EFBB189E1E27B29000D1DB0C /* ZNSObject+Extension.swift in Sources */ = {isa = PBXBuildFile; fileRef = EFBB189D1E27B29000D1DB0C /* ZNSObject+Extension.swift */; };
		EFBB18A01E27C45900D1DB0C /* ZAuthorModel.swift in Sources */ = {isa = PBXBuildFile; fileRef = EFBB189F1E27C45900D1DB0C /* ZAuthorModel.swift */; };
		EFBB18E11E2BC62E00D1DB0C /* ZHomeNetTool.swift in Sources */ = {isa = PBXBuildFile; fileRef = EFBB18DE1E2BC62E00D1DB0C /* ZHomeNetTool.swift */; };
		EFBB18E21E2BC62E00D1DB0C /* ZReadNetTool.swift in Sources */ = {isa = PBXBuildFile; fileRef = EFBB18E01E2BC62E00D1DB0C /* ZReadNetTool.swift */; };
		EFE723941E1294CB006E0338 /* ZModelKeys.swift in Sources */ = {isa = PBXBuildFile; fileRef = EFE723931E1294CB006E0338 /* ZModelKeys.swift */; };
/* End PBXBuildFile section */

/* Begin PBXContainerItemProxy section */
		EF60952B1E1245880087E56D /* PBXContainerItemProxy */ = {
			isa = PBXContainerItemProxy;
			containerPortal = EF60950E1E1245880087E56D /* Project object */;
			proxyType = 1;
			remoteGlobalIDString = EF6095151E1245880087E56D;
			remoteInfo = ZONE;
		};
		EF6095361E1245880087E56D /* PBXContainerItemProxy */ = {
			isa = PBXContainerItemProxy;
			containerPortal = EF60950E1E1245880087E56D /* Project object */;
			proxyType = 1;
			remoteGlobalIDString = EF6095151E1245880087E56D;
			remoteInfo = ZONE;
		};
/* End PBXContainerItemProxy section */

/* Begin PBXFileReference section */
		74A943BCBA1D48375AC88CE0 /* Pods-ZONE.release.xcconfig */ = {isa = PBXFileReference; includeInIndex = 1; lastKnownFileType = text.xcconfig; name = "Pods-ZONE.release.xcconfig"; path = "Pods/Target Support Files/Pods-ZONE/Pods-ZONE.release.xcconfig"; sourceTree = "<group>"; };
		95CCBCFE6111C2FEC65F444A /* Pods-ZONE.debug.xcconfig */ = {isa = PBXFileReference; includeInIndex = 1; lastKnownFileType = text.xcconfig; name = "Pods-ZONE.debug.xcconfig"; path = "Pods/Target Support Files/Pods-ZONE/Pods-ZONE.debug.xcconfig"; sourceTree = "<group>"; };
		D6EAA74FFFBDBF978B3A03D0 /* Pods_ZONE.framework */ = {isa = PBXFileReference; explicitFileType = wrapper.framework; includeInIndex = 0; path = Pods_ZONE.framework; sourceTree = BUILT_PRODUCTS_DIR; };
		EF3F2C4F1E2650E600478BF0 /* ZReadViewController.swift */ = {isa = PBXFileReference; fileEncoding = 4; lastKnownFileType = sourcecode.swift; path = ZReadViewController.swift; sourceTree = "<group>"; };
		EF3F2C511E26528100478BF0 /* ZReadTableCell.swift */ = {isa = PBXFileReference; fileEncoding = 4; lastKnownFileType = sourcecode.swift; path = ZReadTableCell.swift; sourceTree = "<group>"; };
		EF3F2C531E26580C00478BF0 /* ZReadModel.swift */ = {isa = PBXFileReference; fileEncoding = 4; lastKnownFileType = sourcecode.swift; path = ZReadModel.swift; sourceTree = "<group>"; };
		EF3F2C551E265C1A00478BF0 /* ZBaseNetWorkManager.swift */ = {isa = PBXFileReference; fileEncoding = 4; lastKnownFileType = sourcecode.swift; path = ZBaseNetWorkManager.swift; sourceTree = "<group>"; };
		EF3F2C591E2678BF00478BF0 /* ZResposeModel.swift */ = {isa = PBXFileReference; fileEncoding = 4; lastKnownFileType = sourcecode.swift; path = ZResposeModel.swift; sourceTree = "<group>"; };
		EF3F2C5B1E267C9100478BF0 /* ZAPIMarco.swift */ = {isa = PBXFileReference; fileEncoding = 4; lastKnownFileType = sourcecode.swift; path = ZAPIMarco.swift; sourceTree = "<group>"; };
		EF3F2C5F1E2687B400478BF0 /* MJRefreshAutoFooter.h */ = {isa = PBXFileReference; fileEncoding = 4; lastKnownFileType = sourcecode.c.h; path = MJRefreshAutoFooter.h; sourceTree = "<group>"; };
		EF3F2C601E2687B400478BF0 /* MJRefreshAutoFooter.m */ = {isa = PBXFileReference; fileEncoding = 4; lastKnownFileType = sourcecode.c.objc; path = MJRefreshAutoFooter.m; sourceTree = "<group>"; };
		EF3F2C611E2687B400478BF0 /* MJRefreshBackFooter.h */ = {isa = PBXFileReference; fileEncoding = 4; lastKnownFileType = sourcecode.c.h; path = MJRefreshBackFooter.h; sourceTree = "<group>"; };
		EF3F2C621E2687B400478BF0 /* MJRefreshBackFooter.m */ = {isa = PBXFileReference; fileEncoding = 4; lastKnownFileType = sourcecode.c.objc; path = MJRefreshBackFooter.m; sourceTree = "<group>"; };
		EF3F2C631E2687B400478BF0 /* MJRefreshComponent.h */ = {isa = PBXFileReference; fileEncoding = 4; lastKnownFileType = sourcecode.c.h; path = MJRefreshComponent.h; sourceTree = "<group>"; };
		EF3F2C641E2687B400478BF0 /* MJRefreshComponent.m */ = {isa = PBXFileReference; fileEncoding = 4; lastKnownFileType = sourcecode.c.objc; path = MJRefreshComponent.m; sourceTree = "<group>"; };
		EF3F2C651E2687B400478BF0 /* MJRefreshFooter.h */ = {isa = PBXFileReference; fileEncoding = 4; lastKnownFileType = sourcecode.c.h; path = MJRefreshFooter.h; sourceTree = "<group>"; };
		EF3F2C661E2687B400478BF0 /* MJRefreshFooter.m */ = {isa = PBXFileReference; fileEncoding = 4; lastKnownFileType = sourcecode.c.objc; path = MJRefreshFooter.m; sourceTree = "<group>"; };
		EF3F2C671E2687B400478BF0 /* MJRefreshHeader.h */ = {isa = PBXFileReference; fileEncoding = 4; lastKnownFileType = sourcecode.c.h; path = MJRefreshHeader.h; sourceTree = "<group>"; };
		EF3F2C681E2687B400478BF0 /* MJRefreshHeader.m */ = {isa = PBXFileReference; fileEncoding = 4; lastKnownFileType = sourcecode.c.objc; path = MJRefreshHeader.m; sourceTree = "<group>"; };
		EF3F2C6C1E2687B400478BF0 /* MJRefreshAutoGifFooter.h */ = {isa = PBXFileReference; fileEncoding = 4; lastKnownFileType = sourcecode.c.h; path = MJRefreshAutoGifFooter.h; sourceTree = "<group>"; };
		EF3F2C6D1E2687B400478BF0 /* MJRefreshAutoGifFooter.m */ = {isa = PBXFileReference; fileEncoding = 4; lastKnownFileType = sourcecode.c.objc; path = MJRefreshAutoGifFooter.m; sourceTree = "<group>"; };
		EF3F2C6E1E2687B400478BF0 /* MJRefreshAutoNormalFooter.h */ = {isa = PBXFileReference; fileEncoding = 4; lastKnownFileType = sourcecode.c.h; path = MJRefreshAutoNormalFooter.h; sourceTree = "<group>"; };
		EF3F2C6F1E2687B400478BF0 /* MJRefreshAutoNormalFooter.m */ = {isa = PBXFileReference; fileEncoding = 4; lastKnownFileType = sourcecode.c.objc; path = MJRefreshAutoNormalFooter.m; sourceTree = "<group>"; };
		EF3F2C701E2687B400478BF0 /* MJRefreshAutoStateFooter.h */ = {isa = PBXFileReference; fileEncoding = 4; lastKnownFileType = sourcecode.c.h; path = MJRefreshAutoStateFooter.h; sourceTree = "<group>"; };
		EF3F2C711E2687B400478BF0 /* MJRefreshAutoStateFooter.m */ = {isa = PBXFileReference; fileEncoding = 4; lastKnownFileType = sourcecode.c.objc; path = MJRefreshAutoStateFooter.m; sourceTree = "<group>"; };
		EF3F2C731E2687B400478BF0 /* MJRefreshBackGifFooter.h */ = {isa = PBXFileReference; fileEncoding = 4; lastKnownFileType = sourcecode.c.h; path = MJRefreshBackGifFooter.h; sourceTree = "<group>"; };
		EF3F2C741E2687B400478BF0 /* MJRefreshBackGifFooter.m */ = {isa = PBXFileReference; fileEncoding = 4; lastKnownFileType = sourcecode.c.objc; path = MJRefreshBackGifFooter.m; sourceTree = "<group>"; };
		EF3F2C751E2687B400478BF0 /* MJRefreshBackNormalFooter.h */ = {isa = PBXFileReference; fileEncoding = 4; lastKnownFileType = sourcecode.c.h; path = MJRefreshBackNormalFooter.h; sourceTree = "<group>"; };
		EF3F2C761E2687B400478BF0 /* MJRefreshBackNormalFooter.m */ = {isa = PBXFileReference; fileEncoding = 4; lastKnownFileType = sourcecode.c.objc; path = MJRefreshBackNormalFooter.m; sourceTree = "<group>"; };
		EF3F2C771E2687B400478BF0 /* MJRefreshBackStateFooter.h */ = {isa = PBXFileReference; fileEncoding = 4; lastKnownFileType = sourcecode.c.h; path = MJRefreshBackStateFooter.h; sourceTree = "<group>"; };
		EF3F2C781E2687B400478BF0 /* MJRefreshBackStateFooter.m */ = {isa = PBXFileReference; fileEncoding = 4; lastKnownFileType = sourcecode.c.objc; path = MJRefreshBackStateFooter.m; sourceTree = "<group>"; };
		EF3F2C7A1E2687B400478BF0 /* MJRefreshGifHeader.h */ = {isa = PBXFileReference; fileEncoding = 4; lastKnownFileType = sourcecode.c.h; path = MJRefreshGifHeader.h; sourceTree = "<group>"; };
		EF3F2C7B1E2687B400478BF0 /* MJRefreshGifHeader.m */ = {isa = PBXFileReference; fileEncoding = 4; lastKnownFileType = sourcecode.c.objc; path = MJRefreshGifHeader.m; sourceTree = "<group>"; };
		EF3F2C7C1E2687B400478BF0 /* MJRefreshNormalHeader.h */ = {isa = PBXFileReference; fileEncoding = 4; lastKnownFileType = sourcecode.c.h; path = MJRefreshNormalHeader.h; sourceTree = "<group>"; };
		EF3F2C7D1E2687B400478BF0 /* MJRefreshNormalHeader.m */ = {isa = PBXFileReference; fileEncoding = 4; lastKnownFileType = sourcecode.c.objc; path = MJRefreshNormalHeader.m; sourceTree = "<group>"; };
		EF3F2C7E1E2687B400478BF0 /* MJRefreshStateHeader.h */ = {isa = PBXFileReference; fileEncoding = 4; lastKnownFileType = sourcecode.c.h; path = MJRefreshStateHeader.h; sourceTree = "<group>"; };
		EF3F2C7F1E2687B400478BF0 /* MJRefreshStateHeader.m */ = {isa = PBXFileReference; fileEncoding = 4; lastKnownFileType = sourcecode.c.objc; path = MJRefreshStateHeader.m; sourceTree = "<group>"; };
		EF3F2C801E2687B400478BF0 /* MJRefresh.bundle */ = {isa = PBXFileReference; lastKnownFileType = "wrapper.plug-in"; path = MJRefresh.bundle; sourceTree = "<group>"; };
		EF3F2C811E2687B400478BF0 /* MJRefresh.h */ = {isa = PBXFileReference; fileEncoding = 4; lastKnownFileType = sourcecode.c.h; path = MJRefresh.h; sourceTree = "<group>"; };
		EF3F2C821E2687B400478BF0 /* MJRefreshConst.h */ = {isa = PBXFileReference; fileEncoding = 4; lastKnownFileType = sourcecode.c.h; path = MJRefreshConst.h; sourceTree = "<group>"; };
		EF3F2C831E2687B400478BF0 /* MJRefreshConst.m */ = {isa = PBXFileReference; fileEncoding = 4; lastKnownFileType = sourcecode.c.objc; path = MJRefreshConst.m; sourceTree = "<group>"; };
		EF3F2C841E2687B400478BF0 /* UIScrollView+MJExtension.h */ = {isa = PBXFileReference; fileEncoding = 4; lastKnownFileType = sourcecode.c.h; path = "UIScrollView+MJExtension.h"; sourceTree = "<group>"; };
		EF3F2C851E2687B400478BF0 /* UIScrollView+MJExtension.m */ = {isa = PBXFileReference; fileEncoding = 4; lastKnownFileType = sourcecode.c.objc; path = "UIScrollView+MJExtension.m"; sourceTree = "<group>"; };
		EF3F2C861E2687B400478BF0 /* UIScrollView+MJRefresh.h */ = {isa = PBXFileReference; fileEncoding = 4; lastKnownFileType = sourcecode.c.h; path = "UIScrollView+MJRefresh.h"; sourceTree = "<group>"; };
		EF3F2C871E2687B400478BF0 /* UIScrollView+MJRefresh.m */ = {isa = PBXFileReference; fileEncoding = 4; lastKnownFileType = sourcecode.c.objc; path = "UIScrollView+MJRefresh.m"; sourceTree = "<group>"; };
		EF3F2C9D1E26880600478BF0 /* UIView+MJExtension.h */ = {isa = PBXFileReference; fileEncoding = 4; lastKnownFileType = sourcecode.c.h; path = "UIView+MJExtension.h"; sourceTree = "<group>"; };
		EF3F2C9E1E26880600478BF0 /* UIView+MJExtension.m */ = {isa = PBXFileReference; fileEncoding = 4; lastKnownFileType = sourcecode.c.objc; path = "UIView+MJExtension.m"; sourceTree = "<group>"; };
		EF3F2CA01E26885F00478BF0 /* object-c_bridge.h */ = {isa = PBXFileReference; lastKnownFileType = sourcecode.c.h; path = "object-c_bridge.h"; sourceTree = "<group>"; };
		EF6095161E1245880087E56D /* ZONE.app */ = {isa = PBXFileReference; explicitFileType = wrapper.application; includeInIndex = 0; path = ZONE.app; sourceTree = BUILT_PRODUCTS_DIR; };
		EF60951E1E1245880087E56D /* Base */ = {isa = PBXFileReference; lastKnownFileType = file.storyboard; name = Base; path = Base.lproj/Main.storyboard; sourceTree = "<group>"; };
		EF6095201E1245880087E56D /* Assets.xcassets */ = {isa = PBXFileReference; lastKnownFileType = folder.assetcatalog; path = Assets.xcassets; sourceTree = "<group>"; };
		EF6095231E1245880087E56D /* Base */ = {isa = PBXFileReference; lastKnownFileType = file.storyboard; name = Base; path = Base.lproj/LaunchScreen.storyboard; sourceTree = "<group>"; };
		EF6095251E1245880087E56D /* Info.plist */ = {isa = PBXFileReference; lastKnownFileType = text.plist.xml; path = Info.plist; sourceTree = "<group>"; };
		EF60952A1E1245880087E56D /* ZONETests.xctest */ = {isa = PBXFileReference; explicitFileType = wrapper.cfbundle; includeInIndex = 0; path = ZONETests.xctest; sourceTree = BUILT_PRODUCTS_DIR; };
		EF60952E1E1245880087E56D /* ZONETests.swift */ = {isa = PBXFileReference; lastKnownFileType = sourcecode.swift; path = ZONETests.swift; sourceTree = "<group>"; };
		EF6095301E1245880087E56D /* Info.plist */ = {isa = PBXFileReference; lastKnownFileType = text.plist.xml; path = Info.plist; sourceTree = "<group>"; };
		EF6095351E1245880087E56D /* ZONEUITests.xctest */ = {isa = PBXFileReference; explicitFileType = wrapper.cfbundle; includeInIndex = 0; path = ZONEUITests.xctest; sourceTree = BUILT_PRODUCTS_DIR; };
		EF6095391E1245880087E56D /* ZONEUITests.swift */ = {isa = PBXFileReference; lastKnownFileType = sourcecode.swift; path = ZONEUITests.swift; sourceTree = "<group>"; };
		EF60953B1E1245880087E56D /* Info.plist */ = {isa = PBXFileReference; lastKnownFileType = text.plist.xml; path = Info.plist; sourceTree = "<group>"; };
		EF60954A1E1246A20087E56D /* AppDelegate.swift */ = {isa = PBXFileReference; fileEncoding = 4; lastKnownFileType = sourcecode.swift; path = AppDelegate.swift; sourceTree = "<group>"; };
		EF6095541E1246CA0087E56D /* ZBaseNavigationController.swift */ = {isa = PBXFileReference; fileEncoding = 4; lastKnownFileType = sourcecode.swift; path = ZBaseNavigationController.swift; sourceTree = "<group>"; };
		EF6095561E1247090087E56D /* ZBaseTabBarController.swift */ = {isa = PBXFileReference; fileEncoding = 4; lastKnownFileType = sourcecode.swift; path = ZBaseTabBarController.swift; sourceTree = "<group>"; };
		EF6095581E12471C0087E56D /* ZBaseViewController.swift */ = {isa = PBXFileReference; fileEncoding = 4; lastKnownFileType = sourcecode.swift; path = ZBaseViewController.swift; sourceTree = "<group>"; };
		EF60955E1E124CB70087E56D /* ZColorMacros.swift */ = {isa = PBXFileReference; fileEncoding = 4; lastKnownFileType = sourcecode.swift; path = ZColorMacros.swift; sourceTree = "<group>"; };
		EF6095601E1251500087E56D /* ZHomeViewController.swift */ = {isa = PBXFileReference; fileEncoding = 4; lastKnownFileType = sourcecode.swift; path = ZHomeViewController.swift; sourceTree = "<group>"; };
		EF6095621E1253450087E56D /* ZRectMacro.swift */ = {isa = PBXFileReference; fileEncoding = 4; lastKnownFileType = sourcecode.swift; path = ZRectMacro.swift; sourceTree = "<group>"; };
		EF6095661E127B3A0087E56D /* ZHomeModel.swift */ = {isa = PBXFileReference; fileEncoding = 4; lastKnownFileType = sourcecode.swift; path = ZHomeModel.swift; sourceTree = "<group>"; };
		EF6095681E127D390087E56D /* ZHomeDataModel.swift */ = {isa = PBXFileReference; fileEncoding = 4; lastKnownFileType = sourcecode.swift; path = ZHomeDataModel.swift; sourceTree = "<group>"; };
		EF60956A1E1280390087E56D /* SwiftyJSON.h */ = {isa = PBXFileReference; fileEncoding = 4; lastKnownFileType = sourcecode.c.h; path = SwiftyJSON.h; sourceTree = "<group>"; };
		EF60956B1E1280390087E56D /* SwiftyJSON.swift */ = {isa = PBXFileReference; fileEncoding = 4; lastKnownFileType = sourcecode.swift; path = SwiftyJSON.swift; sourceTree = "<group>"; };
		EF658BBC1E1D1EFA009E97DC /* ZHomeTableCell.swift */ = {isa = PBXFileReference; fileEncoding = 4; lastKnownFileType = sourcecode.swift; path = ZHomeTableCell.swift; sourceTree = "<group>"; };
		EF6C7B0B1E13618200B6BBC4 /* UIViewExtension.swift */ = {isa = PBXFileReference; fileEncoding = 4; lastKnownFileType = sourcecode.swift; path = UIViewExtension.swift; sourceTree = "<group>"; };
		EFBB189D1E27B29000D1DB0C /* ZNSObject+Extension.swift */ = {isa = PBXFileReference; fileEncoding = 4; lastKnownFileType = sourcecode.swift; path = "ZNSObject+Extension.swift"; sourceTree = "<group>"; };
		EFBB189F1E27C45900D1DB0C /* ZAuthorModel.swift */ = {isa = PBXFileReference; fileEncoding = 4; lastKnownFileType = sourcecode.swift; path = ZAuthorModel.swift; sourceTree = "<group>"; };
		EFBB18DE1E2BC62E00D1DB0C /* ZHomeNetTool.swift */ = {isa = PBXFileReference; fileEncoding = 4; lastKnownFileType = sourcecode.swift; path = ZHomeNetTool.swift; sourceTree = "<group>"; };
		EFBB18E01E2BC62E00D1DB0C /* ZReadNetTool.swift */ = {isa = PBXFileReference; fileEncoding = 4; lastKnownFileType = sourcecode.swift; path = ZReadNetTool.swift; sourceTree = "<group>"; };
		EFE723931E1294CB006E0338 /* ZModelKeys.swift */ = {isa = PBXFileReference; fileEncoding = 4; lastKnownFileType = sourcecode.swift; path = ZModelKeys.swift; sourceTree = "<group>"; };
/* End PBXFileReference section */

/* Begin PBXFrameworksBuildPhase section */
		EF6095131E1245880087E56D /* Frameworks */ = {
			isa = PBXFrameworksBuildPhase;
			buildActionMask = 2147483647;
			files = (
				EAFD1F8B5DC37B3D150A0212 /* Pods_ZONE.framework in Frameworks */,
			);
			runOnlyForDeploymentPostprocessing = 0;
		};
		EF6095271E1245880087E56D /* Frameworks */ = {
			isa = PBXFrameworksBuildPhase;
			buildActionMask = 2147483647;
			files = (
			);
			runOnlyForDeploymentPostprocessing = 0;
		};
		EF6095321E1245880087E56D /* Frameworks */ = {
			isa = PBXFrameworksBuildPhase;
			buildActionMask = 2147483647;
			files = (
			);
			runOnlyForDeploymentPostprocessing = 0;
		};
/* End PBXFrameworksBuildPhase section */

/* Begin PBXGroup section */
		44FA1A337D4731968A4611DD /* Frameworks */ = {
			isa = PBXGroup;
			children = (
				D6EAA74FFFBDBF978B3A03D0 /* Pods_ZONE.framework */,
			);
			name = Frameworks;
			sourceTree = "<group>";
		};
		DAD1BD3FC5C143FF78E5A0B8 /* Pods */ = {
			isa = PBXGroup;
			children = (
				95CCBCFE6111C2FEC65F444A /* Pods-ZONE.debug.xcconfig */,
				74A943BCBA1D48375AC88CE0 /* Pods-ZONE.release.xcconfig */,
			);
			name = Pods;
			sourceTree = "<group>";
		};
		EF3F2C5D1E2687B400478BF0 /* MJRefresh */ = {
			isa = PBXGroup;
			children = (
				EF3F2C5E1E2687B400478BF0 /* Base */,
				EF3F2C691E2687B400478BF0 /* Custom */,
				EF3F2C801E2687B400478BF0 /* MJRefresh.bundle */,
				EF3F2C811E2687B400478BF0 /* MJRefresh.h */,
				EF3F2C821E2687B400478BF0 /* MJRefreshConst.h */,
				EF3F2C831E2687B400478BF0 /* MJRefreshConst.m */,
				EF3F2C841E2687B400478BF0 /* UIScrollView+MJExtension.h */,
				EF3F2C851E2687B400478BF0 /* UIScrollView+MJExtension.m */,
				EF3F2C861E2687B400478BF0 /* UIScrollView+MJRefresh.h */,
				EF3F2C871E2687B400478BF0 /* UIScrollView+MJRefresh.m */,
				EF3F2C9D1E26880600478BF0 /* UIView+MJExtension.h */,
				EF3F2C9E1E26880600478BF0 /* UIView+MJExtension.m */,
			);
			path = MJRefresh;
			sourceTree = "<group>";
		};
		EF3F2C5E1E2687B400478BF0 /* Base */ = {
			isa = PBXGroup;
			children = (
				EF3F2C5F1E2687B400478BF0 /* MJRefreshAutoFooter.h */,
				EF3F2C601E2687B400478BF0 /* MJRefreshAutoFooter.m */,
				EF3F2C611E2687B400478BF0 /* MJRefreshBackFooter.h */,
				EF3F2C621E2687B400478BF0 /* MJRefreshBackFooter.m */,
				EF3F2C631E2687B400478BF0 /* MJRefreshComponent.h */,
				EF3F2C641E2687B400478BF0 /* MJRefreshComponent.m */,
				EF3F2C651E2687B400478BF0 /* MJRefreshFooter.h */,
				EF3F2C661E2687B400478BF0 /* MJRefreshFooter.m */,
				EF3F2C671E2687B400478BF0 /* MJRefreshHeader.h */,
				EF3F2C681E2687B400478BF0 /* MJRefreshHeader.m */,
			);
			path = Base;
			sourceTree = "<group>";
		};
		EF3F2C691E2687B400478BF0 /* Custom */ = {
			isa = PBXGroup;
			children = (
				EF3F2C6A1E2687B400478BF0 /* Footer */,
				EF3F2C791E2687B400478BF0 /* Header */,
			);
			path = Custom;
			sourceTree = "<group>";
		};
		EF3F2C6A1E2687B400478BF0 /* Footer */ = {
			isa = PBXGroup;
			children = (
				EF3F2C6B1E2687B400478BF0 /* Auto */,
				EF3F2C721E2687B400478BF0 /* Back */,
			);
			path = Footer;
			sourceTree = "<group>";
		};
		EF3F2C6B1E2687B400478BF0 /* Auto */ = {
			isa = PBXGroup;
			children = (
				EF3F2C6C1E2687B400478BF0 /* MJRefreshAutoGifFooter.h */,
				EF3F2C6D1E2687B400478BF0 /* MJRefreshAutoGifFooter.m */,
				EF3F2C6E1E2687B400478BF0 /* MJRefreshAutoNormalFooter.h */,
				EF3F2C6F1E2687B400478BF0 /* MJRefreshAutoNormalFooter.m */,
				EF3F2C701E2687B400478BF0 /* MJRefreshAutoStateFooter.h */,
				EF3F2C711E2687B400478BF0 /* MJRefreshAutoStateFooter.m */,
			);
			path = Auto;
			sourceTree = "<group>";
		};
		EF3F2C721E2687B400478BF0 /* Back */ = {
			isa = PBXGroup;
			children = (
				EF3F2C731E2687B400478BF0 /* MJRefreshBackGifFooter.h */,
				EF3F2C741E2687B400478BF0 /* MJRefreshBackGifFooter.m */,
				EF3F2C751E2687B400478BF0 /* MJRefreshBackNormalFooter.h */,
				EF3F2C761E2687B400478BF0 /* MJRefreshBackNormalFooter.m */,
				EF3F2C771E2687B400478BF0 /* MJRefreshBackStateFooter.h */,
				EF3F2C781E2687B400478BF0 /* MJRefreshBackStateFooter.m */,
			);
			path = Back;
			sourceTree = "<group>";
		};
		EF3F2C791E2687B400478BF0 /* Header */ = {
			isa = PBXGroup;
			children = (
				EF3F2C7A1E2687B400478BF0 /* MJRefreshGifHeader.h */,
				EF3F2C7B1E2687B400478BF0 /* MJRefreshGifHeader.m */,
				EF3F2C7C1E2687B400478BF0 /* MJRefreshNormalHeader.h */,
				EF3F2C7D1E2687B400478BF0 /* MJRefreshNormalHeader.m */,
				EF3F2C7E1E2687B400478BF0 /* MJRefreshStateHeader.h */,
				EF3F2C7F1E2687B400478BF0 /* MJRefreshStateHeader.m */,
			);
			path = Header;
			sourceTree = "<group>";
		};
		EF60950D1E1245880087E56D = {
			isa = PBXGroup;
			children = (
				EF6095181E1245880087E56D /* ZONE */,
				EF60955C1E124AFE0087E56D /* Other */,
				EF60952D1E1245880087E56D /* ZONETests */,
				EF6095381E1245880087E56D /* ZONEUITests */,
				EF6095171E1245880087E56D /* Products */,
				DAD1BD3FC5C143FF78E5A0B8 /* Pods */,
				44FA1A337D4731968A4611DD /* Frameworks */,
			);
			sourceTree = "<group>";
		};
		EF6095171E1245880087E56D /* Products */ = {
			isa = PBXGroup;
			children = (
				EF6095161E1245880087E56D /* ZONE.app */,
				EF60952A1E1245880087E56D /* ZONETests.xctest */,
				EF6095351E1245880087E56D /* ZONEUITests.xctest */,
			);
			name = Products;
			sourceTree = "<group>";
		};
		EF6095181E1245880087E56D /* ZONE */ = {
			isa = PBXGroup;
			children = (
				EF6095471E1246A20087E56D /* General(重用) */,
				EF6095481E1246A20087E56D /* Macro(宏) */,
				EF6095491E1246A20087E56D /* main(系统) */,
				EF60954B1E1246A20087E56D /* NetWork(网络) */,
				EF60954C1E1246A20087E56D /* sections(模块) */,
				EF6095511E1246A20087E56D /* Tools(工具类) */,
				EF6095521E1246A20087E56D /* Vendors(第三方) */,
			);
			path = ZONE;
			sourceTree = "<group>";
		};
		EF60952D1E1245880087E56D /* ZONETests */ = {
			isa = PBXGroup;
			children = (
				EF60952E1E1245880087E56D /* ZONETests.swift */,
				EF6095301E1245880087E56D /* Info.plist */,
			);
			path = ZONETests;
			sourceTree = "<group>";
		};
		EF6095381E1245880087E56D /* ZONEUITests */ = {
			isa = PBXGroup;
			children = (
				EF6095391E1245880087E56D /* ZONEUITests.swift */,
				EF60953B1E1245880087E56D /* Info.plist */,
			);
			path = ZONEUITests;
			sourceTree = "<group>";
		};
		EF6095471E1246A20087E56D /* General(重用) */ = {
			isa = PBXGroup;
			children = (
				EFE723931E1294CB006E0338 /* ZModelKeys.swift */,
				EF6C7B0B1E13618200B6BBC4 /* UIViewExtension.swift */,
				EFBB189D1E27B29000D1DB0C /* ZNSObject+Extension.swift */,
			);
			path = "General(重用)";
			sourceTree = "<group>";
		};
		EF6095481E1246A20087E56D /* Macro(宏) */ = {
			isa = PBXGroup;
			children = (
				EF60955E1E124CB70087E56D /* ZColorMacros.swift */,
				EF6095621E1253450087E56D /* ZRectMacro.swift */,
				EF3F2C5B1E267C9100478BF0 /* ZAPIMarco.swift */,
			);
			path = "Macro(宏)";
			sourceTree = "<group>";
		};
		EF6095491E1246A20087E56D /* main(系统) */ = {
			isa = PBXGroup;
			children = (
				EF60954A1E1246A20087E56D /* AppDelegate.swift */,
				EF6095541E1246CA0087E56D /* ZBaseNavigationController.swift */,
				EF6095561E1247090087E56D /* ZBaseTabBarController.swift */,
				EF6095581E12471C0087E56D /* ZBaseViewController.swift */,
				EF3F2C591E2678BF00478BF0 /* ZResposeModel.swift */,
			);
			path = "main(系统)";
			sourceTree = "<group>";
		};
		EF60954B1E1246A20087E56D /* NetWork(网络) */ = {
			isa = PBXGroup;
			children = (
				EFBB18DD1E2BC62E00D1DB0C /* Home(首页) */,
				EFBB18DF1E2BC62E00D1DB0C /* Read(阅读) */,
				EF3F2C551E265C1A00478BF0 /* ZBaseNetWorkManager.swift */,
			);
			path = "NetWork(网络)";
			sourceTree = "<group>";
		};
		EF60954C1E1246A20087E56D /* sections(模块) */ = {
			isa = PBXGroup;
			children = (
				EF60954D1E1246A20087E56D /* Home(首页) */,
			);
			path = "sections(模块)";
			sourceTree = "<group>";
		};
		EF60954D1E1246A20087E56D /* Home(首页) */ = {
			isa = PBXGroup;
			children = (
				EF60954E1E1246A20087E56D /* Controller */,
				EF60954F1E1246A20087E56D /* Model */,
				EF6095501E1246A20087E56D /* View */,
			);
			path = "Home(首页)";
			sourceTree = "<group>";
		};
		EF60954E1E1246A20087E56D /* Controller */ = {
			isa = PBXGroup;
			children = (
				EF6095601E1251500087E56D /* ZHomeViewController.swift */,
				EF3F2C4F1E2650E600478BF0 /* ZReadViewController.swift */,
			);
			path = Controller;
			sourceTree = "<group>";
		};
		EF60954F1E1246A20087E56D /* Model */ = {
			isa = PBXGroup;
			children = (
				EF6095661E127B3A0087E56D /* ZHomeModel.swift */,
				EF6095681E127D390087E56D /* ZHomeDataModel.swift */,
				EF3F2C531E26580C00478BF0 /* ZReadModel.swift */,
				EFBB189F1E27C45900D1DB0C /* ZAuthorModel.swift */,
			);
			path = Model;
			sourceTree = "<group>";
		};
		EF6095501E1246A20087E56D /* View */ = {
			isa = PBXGroup;
			children = (
				EF658BBC1E1D1EFA009E97DC /* ZHomeTableCell.swift */,
				EF3F2C511E26528100478BF0 /* ZReadTableCell.swift */,
			);
			path = View;
			sourceTree = "<group>";
		};
		EF6095511E1246A20087E56D /* Tools(工具类) */ = {
			isa = PBXGroup;
			children = (
			);
			path = "Tools(工具类)";
			sourceTree = "<group>";
		};
		EF6095521E1246A20087E56D /* Vendors(第三方) */ = {
			isa = PBXGroup;
			children = (
				EF3F2C5D1E2687B400478BF0 /* MJRefresh */,
				EF60956A1E1280390087E56D /* SwiftyJSON.h */,
				EF60956B1E1280390087E56D /* SwiftyJSON.swift */,
			);
			path = "Vendors(第三方)";
			sourceTree = "<group>";
		};
		EF60955C1E124AFE0087E56D /* Other */ = {
			isa = PBXGroup;
			children = (
				EF60951D1E1245880087E56D /* Main.storyboard */,
				EF6095201E1245880087E56D /* Assets.xcassets */,
				EF6095221E1245880087E56D /* LaunchScreen.storyboard */,
				EF6095251E1245880087E56D /* Info.plist */,
				EF3F2CA01E26885F00478BF0 /* object-c_bridge.h */,
			);
			name = Other;
			path = ZONE;
			sourceTree = "<group>";
		};
		EFBB18DD1E2BC62E00D1DB0C /* Home(首页) */ = {
			isa = PBXGroup;
			children = (
				EFBB18DE1E2BC62E00D1DB0C /* ZHomeNetTool.swift */,
			);
			path = "Home(首页)";
			sourceTree = "<group>";
		};
		EFBB18DF1E2BC62E00D1DB0C /* Read(阅读) */ = {
			isa = PBXGroup;
			children = (
				EFBB18E01E2BC62E00D1DB0C /* ZReadNetTool.swift */,
			);
			path = "Read(阅读)";
			sourceTree = "<group>";
		};
/* End PBXGroup section */

/* Begin PBXNativeTarget section */
		EF6095151E1245880087E56D /* ZONE */ = {
			isa = PBXNativeTarget;
			buildConfigurationList = EF60953E1E1245880087E56D /* Build configuration list for PBXNativeTarget "ZONE" */;
			buildPhases = (
				6149C03C56A4FD5F1EC04C4C /* [CP] Check Pods Manifest.lock */,
				EF6095121E1245880087E56D /* Sources */,
				EF6095131E1245880087E56D /* Frameworks */,
				EF6095141E1245880087E56D /* Resources */,
				437BCE56BB4E19AD44E1BF51 /* [CP] Embed Pods Frameworks */,
				E35CA94F9FF8B9A3E979F8A2 /* [CP] Copy Pods Resources */,
			);
			buildRules = (
			);
			dependencies = (
			);
			name = ZONE;
			productName = ZONE;
			productReference = EF6095161E1245880087E56D /* ZONE.app */;
			productType = "com.apple.product-type.application";
		};
		EF6095291E1245880087E56D /* ZONETests */ = {
			isa = PBXNativeTarget;
			buildConfigurationList = EF6095411E1245880087E56D /* Build configuration list for PBXNativeTarget "ZONETests" */;
			buildPhases = (
				EF6095261E1245880087E56D /* Sources */,
				EF6095271E1245880087E56D /* Frameworks */,
				EF6095281E1245880087E56D /* Resources */,
			);
			buildRules = (
			);
			dependencies = (
				EF60952C1E1245880087E56D /* PBXTargetDependency */,
			);
			name = ZONETests;
			productName = ZONETests;
			productReference = EF60952A1E1245880087E56D /* ZONETests.xctest */;
			productType = "com.apple.product-type.bundle.unit-test";
		};
		EF6095341E1245880087E56D /* ZONEUITests */ = {
			isa = PBXNativeTarget;
			buildConfigurationList = EF6095441E1245880087E56D /* Build configuration list for PBXNativeTarget "ZONEUITests" */;
			buildPhases = (
				EF6095311E1245880087E56D /* Sources */,
				EF6095321E1245880087E56D /* Frameworks */,
				EF6095331E1245880087E56D /* Resources */,
			);
			buildRules = (
			);
			dependencies = (
				EF6095371E1245880087E56D /* PBXTargetDependency */,
			);
			name = ZONEUITests;
			productName = ZONEUITests;
			productReference = EF6095351E1245880087E56D /* ZONEUITests.xctest */;
			productType = "com.apple.product-type.bundle.ui-testing";
		};
/* End PBXNativeTarget section */

/* Begin PBXProject section */
		EF60950E1E1245880087E56D /* Project object */ = {
			isa = PBXProject;
			attributes = {
				CLASSPREFIX = Z;
				LastSwiftUpdateCheck = 0820;
				LastUpgradeCheck = 0820;
				ORGANIZATIONNAME = zhuyongqing;
				TargetAttributes = {
					EF6095151E1245880087E56D = {
						CreatedOnToolsVersion = 8.2;
						DevelopmentTeam = 77R6F6KEK4;
						ProvisioningStyle = Automatic;
					};
					EF6095291E1245880087E56D = {
						CreatedOnToolsVersion = 8.2;
						DevelopmentTeam = 77R6F6KEK4;
						ProvisioningStyle = Automatic;
						TestTargetID = EF6095151E1245880087E56D;
					};
					EF6095341E1245880087E56D = {
						CreatedOnToolsVersion = 8.2;
						DevelopmentTeam = 77R6F6KEK4;
						ProvisioningStyle = Automatic;
						TestTargetID = EF6095151E1245880087E56D;
					};
				};
			};
			buildConfigurationList = EF6095111E1245880087E56D /* Build configuration list for PBXProject "ZONE" */;
			compatibilityVersion = "Xcode 3.2";
			developmentRegion = English;
			hasScannedForEncodings = 0;
			knownRegions = (
				en,
				Base,
			);
			mainGroup = EF60950D1E1245880087E56D;
			productRefGroup = EF6095171E1245880087E56D /* Products */;
			projectDirPath = "";
			projectRoot = "";
			targets = (
				EF6095151E1245880087E56D /* ZONE */,
				EF6095291E1245880087E56D /* ZONETests */,
				EF6095341E1245880087E56D /* ZONEUITests */,
			);
		};
/* End PBXProject section */

/* Begin PBXResourcesBuildPhase section */
		EF6095141E1245880087E56D /* Resources */ = {
			isa = PBXResourcesBuildPhase;
			buildActionMask = 2147483647;
			files = (
				EF6095241E1245880087E56D /* LaunchScreen.storyboard in Resources */,
				EF6095211E1245880087E56D /* Assets.xcassets in Resources */,
				EF3F2C981E2687B400478BF0 /* MJRefresh.bundle in Resources */,
				EF60951F1E1245880087E56D /* Main.storyboard in Resources */,
			);
			runOnlyForDeploymentPostprocessing = 0;
		};
		EF6095281E1245880087E56D /* Resources */ = {
			isa = PBXResourcesBuildPhase;
			buildActionMask = 2147483647;
			files = (
			);
			runOnlyForDeploymentPostprocessing = 0;
		};
		EF6095331E1245880087E56D /* Resources */ = {
			isa = PBXResourcesBuildPhase;
			buildActionMask = 2147483647;
			files = (
			);
			runOnlyForDeploymentPostprocessing = 0;
		};
/* End PBXResourcesBuildPhase section */

/* Begin PBXShellScriptBuildPhase section */
		437BCE56BB4E19AD44E1BF51 /* [CP] Embed Pods Frameworks */ = {
			isa = PBXShellScriptBuildPhase;
			buildActionMask = 2147483647;
			files = (
			);
			inputPaths = (
			);
			name = "[CP] Embed Pods Frameworks";
			outputPaths = (
			);
			runOnlyForDeploymentPostprocessing = 0;
			shellPath = /bin/sh;
			shellScript = "\"${SRCROOT}/Pods/Target Support Files/Pods-ZONE/Pods-ZONE-frameworks.sh\"\n";
			showEnvVarsInLog = 0;
		};
		6149C03C56A4FD5F1EC04C4C /* [CP] Check Pods Manifest.lock */ = {
			isa = PBXShellScriptBuildPhase;
			buildActionMask = 2147483647;
			files = (
			);
			inputPaths = (
			);
			name = "[CP] Check Pods Manifest.lock";
			outputPaths = (
			);
			runOnlyForDeploymentPostprocessing = 0;
			shellPath = /bin/sh;
			shellScript = "diff \"${PODS_ROOT}/../Podfile.lock\" \"${PODS_ROOT}/Manifest.lock\" > /dev/null\nif [ $? != 0 ] ; then\n    # print error to STDERR\n    echo \"error: The sandbox is not in sync with the Podfile.lock. Run 'pod install' or update your CocoaPods installation.\" >&2\n    exit 1\nfi\n";
			showEnvVarsInLog = 0;
		};
		E35CA94F9FF8B9A3E979F8A2 /* [CP] Copy Pods Resources */ = {
			isa = PBXShellScriptBuildPhase;
			buildActionMask = 2147483647;
			files = (
			);
			inputPaths = (
			);
			name = "[CP] Copy Pods Resources";
			outputPaths = (
			);
			runOnlyForDeploymentPostprocessing = 0;
			shellPath = /bin/sh;
			shellScript = "\"${SRCROOT}/Pods/Target Support Files/Pods-ZONE/Pods-ZONE-resources.sh\"\n";
			showEnvVarsInLog = 0;
		};
/* End PBXShellScriptBuildPhase section */

/* Begin PBXSourcesBuildPhase section */
		EF6095121E1245880087E56D /* Sources */ = {
			isa = PBXSourcesBuildPhase;
			buildActionMask = 2147483647;
			files = (
				EF6095631E1253450087E56D /* ZRectMacro.swift in Sources */,
				EF3F2C9A1E2687B400478BF0 /* UIScrollView+MJExtension.m in Sources */,
				EF3F2C8F1E2687B400478BF0 /* MJRefreshAutoGifFooter.m in Sources */,
				EF3F2C5C1E267C9100478BF0 /* ZAPIMarco.swift in Sources */,
				EFBB18A01E27C45900D1DB0C /* ZAuthorModel.swift in Sources */,
				EFBB18E11E2BC62E00D1DB0C /* ZHomeNetTool.swift in Sources */,
				EFBB18E21E2BC62E00D1DB0C /* ZReadNetTool.swift in Sources */,
				EF6095671E127B3A0087E56D /* ZHomeModel.swift in Sources */,
				EFBB189E1E27B29000D1DB0C /* ZNSObject+Extension.swift in Sources */,
				EF3F2C901E2687B400478BF0 /* MJRefreshAutoNormalFooter.m in Sources */,
				EFE723941E1294CB006E0338 /* ZModelKeys.swift in Sources */,
				EF6095591E12471C0087E56D /* ZBaseViewController.swift in Sources */,
				EF60956C1E1280390087E56D /* SwiftyJSON.swift in Sources */,
				EF3F2C9B1E2687B400478BF0 /* UIScrollView+MJRefresh.m in Sources */,
				EF3F2C931E2687B400478BF0 /* MJRefreshBackNormalFooter.m in Sources */,
				EF3F2C8C1E2687B400478BF0 /* MJRefreshComponent.m in Sources */,
				EF3F2C961E2687B400478BF0 /* MJRefreshNormalHeader.m in Sources */,
				EF3F2C561E265C1A00478BF0 /* ZBaseNetWorkManager.swift in Sources */,
				EF6095531E1246A20087E56D /* AppDelegate.swift in Sources */,
				EF3F2C921E2687B400478BF0 /* MJRefreshBackGifFooter.m in Sources */,
				EF3F2C8A1E2687B400478BF0 /* MJRefreshAutoFooter.m in Sources */,
				EF3F2C541E26580C00478BF0 /* ZReadModel.swift in Sources */,
				EF3F2C8B1E2687B400478BF0 /* MJRefreshBackFooter.m in Sources */,
				EF3F2C5A1E2678BF00478BF0 /* ZResposeModel.swift in Sources */,
				EF3F2C9F1E26880600478BF0 /* UIView+MJExtension.m in Sources */,
				EF6095611E1251500087E56D /* ZHomeViewController.swift in Sources */,
				EF658BBD1E1D1EFA009E97DC /* ZHomeTableCell.swift in Sources */,
				EF3F2C951E2687B400478BF0 /* MJRefreshGifHeader.m in Sources */,
				EF3F2C911E2687B400478BF0 /* MJRefreshAutoStateFooter.m in Sources */,
				EF6095571E1247090087E56D /* ZBaseTabBarController.swift in Sources */,
				EF6C7B0C1E13618200B6BBC4 /* UIViewExtension.swift in Sources */,
				EF6095691E127D390087E56D /* ZHomeDataModel.swift in Sources */,
				EF60955F1E124CB70087E56D /* ZColorMacros.swift in Sources */,
				EF3F2C8E1E2687B400478BF0 /* MJRefreshHeader.m in Sources */,
				EF3F2C521E26528100478BF0 /* ZReadTableCell.swift in Sources */,
				EF3F2C971E2687B400478BF0 /* MJRefreshStateHeader.m in Sources */,
				EF3F2C941E2687B400478BF0 /* MJRefreshBackStateFooter.m in Sources */,
				EF3F2C991E2687B400478BF0 /* MJRefreshConst.m in Sources */,
				EF3F2C501E2650E600478BF0 /* ZReadViewController.swift in Sources */,
				EF6095551E1246CA0087E56D /* ZBaseNavigationController.swift in Sources */,
				EF3F2C8D1E2687B400478BF0 /* MJRefreshFooter.m in Sources */,
			);
			runOnlyForDeploymentPostprocessing = 0;
		};
		EF6095261E1245880087E56D /* Sources */ = {
			isa = PBXSourcesBuildPhase;
			buildActionMask = 2147483647;
			files = (
				EF60952F1E1245880087E56D /* ZONETests.swift in Sources */,
			);
			runOnlyForDeploymentPostprocessing = 0;
		};
		EF6095311E1245880087E56D /* Sources */ = {
			isa = PBXSourcesBuildPhase;
			buildActionMask = 2147483647;
			files = (
				EF60953A1E1245880087E56D /* ZONEUITests.swift in Sources */,
			);
			runOnlyForDeploymentPostprocessing = 0;
		};
/* End PBXSourcesBuildPhase section */

/* Begin PBXTargetDependency section */
		EF60952C1E1245880087E56D /* PBXTargetDependency */ = {
			isa = PBXTargetDependency;
			target = EF6095151E1245880087E56D /* ZONE */;
			targetProxy = EF60952B1E1245880087E56D /* PBXContainerItemProxy */;
		};
		EF6095371E1245880087E56D /* PBXTargetDependency */ = {
			isa = PBXTargetDependency;
			target = EF6095151E1245880087E56D /* ZONE */;
			targetProxy = EF6095361E1245880087E56D /* PBXContainerItemProxy */;
		};
/* End PBXTargetDependency section */

/* Begin PBXVariantGroup section */
		EF60951D1E1245880087E56D /* Main.storyboard */ = {
			isa = PBXVariantGroup;
			children = (
				EF60951E1E1245880087E56D /* Base */,
			);
			name = Main.storyboard;
			sourceTree = "<group>";
		};
		EF6095221E1245880087E56D /* LaunchScreen.storyboard */ = {
			isa = PBXVariantGroup;
			children = (
				EF6095231E1245880087E56D /* Base */,
			);
			name = LaunchScreen.storyboard;
			sourceTree = "<group>";
		};
/* End PBXVariantGroup section */

/* Begin XCBuildConfiguration section */
		EF60953C1E1245880087E56D /* Debug */ = {
			isa = XCBuildConfiguration;
			buildSettings = {
				ALWAYS_SEARCH_USER_PATHS = NO;
				CLANG_ANALYZER_NONNULL = YES;
				CLANG_CXX_LANGUAGE_STANDARD = "gnu++0x";
				CLANG_CXX_LIBRARY = "libc++";
				CLANG_ENABLE_MODULES = YES;
				CLANG_ENABLE_OBJC_ARC = YES;
				CLANG_WARN_BOOL_CONVERSION = YES;
				CLANG_WARN_CONSTANT_CONVERSION = YES;
				CLANG_WARN_DIRECT_OBJC_ISA_USAGE = YES_ERROR;
				CLANG_WARN_DOCUMENTATION_COMMENTS = YES;
				CLANG_WARN_EMPTY_BODY = YES;
				CLANG_WARN_ENUM_CONVERSION = YES;
				CLANG_WARN_INFINITE_RECURSION = YES;
				CLANG_WARN_INT_CONVERSION = YES;
				CLANG_WARN_OBJC_ROOT_CLASS = YES_ERROR;
				CLANG_WARN_SUSPICIOUS_MOVE = YES;
				CLANG_WARN_UNREACHABLE_CODE = YES;
				CLANG_WARN__DUPLICATE_METHOD_MATCH = YES;
				"CODE_SIGN_IDENTITY[sdk=iphoneos*]" = "iPhone Developer";
				COPY_PHASE_STRIP = NO;
				DEBUG_INFORMATION_FORMAT = dwarf;
				ENABLE_STRICT_OBJC_MSGSEND = YES;
				ENABLE_TESTABILITY = YES;
				GCC_C_LANGUAGE_STANDARD = gnu99;
				GCC_DYNAMIC_NO_PIC = NO;
				GCC_NO_COMMON_BLOCKS = YES;
				GCC_OPTIMIZATION_LEVEL = 0;
				GCC_PREPROCESSOR_DEFINITIONS = (
					"DEBUG=1",
					"$(inherited)",
				);
				GCC_WARN_64_TO_32_BIT_CONVERSION = YES;
				GCC_WARN_ABOUT_RETURN_TYPE = YES_ERROR;
				GCC_WARN_UNDECLARED_SELECTOR = YES;
				GCC_WARN_UNINITIALIZED_AUTOS = YES_AGGRESSIVE;
				GCC_WARN_UNUSED_FUNCTION = YES;
				GCC_WARN_UNUSED_VARIABLE = YES;
				IPHONEOS_DEPLOYMENT_TARGET = 8.0;
				MTL_ENABLE_DEBUG_INFO = YES;
				ONLY_ACTIVE_ARCH = YES;
				SDKROOT = iphoneos;
				SWIFT_ACTIVE_COMPILATION_CONDITIONS = DEBUG;
				SWIFT_OPTIMIZATION_LEVEL = "-Onone";
			};
			name = Debug;
		};
		EF60953D1E1245880087E56D /* Release */ = {
			isa = XCBuildConfiguration;
			buildSettings = {
				ALWAYS_SEARCH_USER_PATHS = NO;
				CLANG_ANALYZER_NONNULL = YES;
				CLANG_CXX_LANGUAGE_STANDARD = "gnu++0x";
				CLANG_CXX_LIBRARY = "libc++";
				CLANG_ENABLE_MODULES = YES;
				CLANG_ENABLE_OBJC_ARC = YES;
				CLANG_WARN_BOOL_CONVERSION = YES;
				CLANG_WARN_CONSTANT_CONVERSION = YES;
				CLANG_WARN_DIRECT_OBJC_ISA_USAGE = YES_ERROR;
				CLANG_WARN_DOCUMENTATION_COMMENTS = YES;
				CLANG_WARN_EMPTY_BODY = YES;
				CLANG_WARN_ENUM_CONVERSION = YES;
				CLANG_WARN_INFINITE_RECURSION = YES;
				CLANG_WARN_INT_CONVERSION = YES;
				CLANG_WARN_OBJC_ROOT_CLASS = YES_ERROR;
				CLANG_WARN_SUSPICIOUS_MOVE = YES;
				CLANG_WARN_UNREACHABLE_CODE = YES;
				CLANG_WARN__DUPLICATE_METHOD_MATCH = YES;
				"CODE_SIGN_IDENTITY[sdk=iphoneos*]" = "iPhone Developer";
				COPY_PHASE_STRIP = NO;
				DEBUG_INFORMATION_FORMAT = "dwarf-with-dsym";
				ENABLE_NS_ASSERTIONS = NO;
				ENABLE_STRICT_OBJC_MSGSEND = YES;
				GCC_C_LANGUAGE_STANDARD = gnu99;
				GCC_NO_COMMON_BLOCKS = YES;
				GCC_WARN_64_TO_32_BIT_CONVERSION = YES;
				GCC_WARN_ABOUT_RETURN_TYPE = YES_ERROR;
				GCC_WARN_UNDECLARED_SELECTOR = YES;
				GCC_WARN_UNINITIALIZED_AUTOS = YES_AGGRESSIVE;
				GCC_WARN_UNUSED_FUNCTION = YES;
				GCC_WARN_UNUSED_VARIABLE = YES;
				IPHONEOS_DEPLOYMENT_TARGET = 8.0;
				MTL_ENABLE_DEBUG_INFO = NO;
				SDKROOT = iphoneos;
				SWIFT_OPTIMIZATION_LEVEL = "-Owholemodule";
				VALIDATE_PRODUCT = YES;
			};
			name = Release;
		};
		EF60953F1E1245880087E56D /* Debug */ = {
			isa = XCBuildConfiguration;
			baseConfigurationReference = 95CCBCFE6111C2FEC65F444A /* Pods-ZONE.debug.xcconfig */;
			buildSettings = {
				ASSETCATALOG_COMPILER_APPICON_NAME = AppIcon;
				DEVELOPMENT_TEAM = 77R6F6KEK4;
				GCC_PREFIX_HEADER = "";
				INFOPLIST_FILE = ZONE/Info.plist;
				LD_RUNPATH_SEARCH_PATHS = "$(inherited) @executable_path/Frameworks";
				PRODUCT_BUNDLE_IDENTIFIER = com.z.com.ZONE;
				PRODUCT_NAME = "$(TARGET_NAME)";
				SWIFT_OBJC_BRIDGING_HEADER = "/Users/zhuyongqing/Documents/WorkSpace/ZONE/ZONE/object-c_bridge.h";
				SWIFT_VERSION = 3.0;
			};
			name = Debug;
		};
		EF6095401E1245880087E56D /* Release */ = {
			isa = XCBuildConfiguration;
			baseConfigurationReference = 74A943BCBA1D48375AC88CE0 /* Pods-ZONE.release.xcconfig */;
			buildSettings = {
				ASSETCATALOG_COMPILER_APPICON_NAME = AppIcon;
				DEVELOPMENT_TEAM = 77R6F6KEK4;
				GCC_PREFIX_HEADER = "";
				INFOPLIST_FILE = ZONE/Info.plist;
				LD_RUNPATH_SEARCH_PATHS = "$(inherited) @executable_path/Frameworks";
				PRODUCT_BUNDLE_IDENTIFIER = com.z.com.ZONE;
				PRODUCT_NAME = "$(TARGET_NAME)";
				SWIFT_OBJC_BRIDGING_HEADER = "/Users/zhuyongqing/Documents/WorkSpace/ZONE/ZONE/object-c_bridge.h";
				SWIFT_VERSION = 3.0;
			};
			name = Release;
		};
		EF6095421E1245880087E56D /* Debug */ = {
			isa = XCBuildConfiguration;
			buildSettings = {
				ALWAYS_EMBED_SWIFT_STANDARD_LIBRARIES = YES;
				BUNDLE_LOADER = "$(TEST_HOST)";
				DEVELOPMENT_TEAM = 77R6F6KEK4;
				INFOPLIST_FILE = ZONETests/Info.plist;
				LD_RUNPATH_SEARCH_PATHS = "$(inherited) @executable_path/Frameworks @loader_path/Frameworks";
				PRODUCT_BUNDLE_IDENTIFIER = com.z.com.ZONETests;
				PRODUCT_NAME = "$(TARGET_NAME)";
				SWIFT_VERSION = 3.0;
				TEST_HOST = "$(BUILT_PRODUCTS_DIR)/ZONE.app/ZONE";
			};
			name = Debug;
		};
		EF6095431E1245880087E56D /* Release */ = {
			isa = XCBuildConfiguration;
			buildSettings = {
				ALWAYS_EMBED_SWIFT_STANDARD_LIBRARIES = YES;
				BUNDLE_LOADER = "$(TEST_HOST)";
				DEVELOPMENT_TEAM = 77R6F6KEK4;
				INFOPLIST_FILE = ZONETests/Info.plist;
				LD_RUNPATH_SEARCH_PATHS = "$(inherited) @executable_path/Frameworks @loader_path/Frameworks";
				PRODUCT_BUNDLE_IDENTIFIER = com.z.com.ZONETests;
				PRODUCT_NAME = "$(TARGET_NAME)";
				SWIFT_VERSION = 3.0;
				TEST_HOST = "$(BUILT_PRODUCTS_DIR)/ZONE.app/ZONE";
			};
			name = Release;
		};
		EF6095451E1245880087E56D /* Debug */ = {
			isa = XCBuildConfiguration;
			buildSettings = {
				ALWAYS_EMBED_SWIFT_STANDARD_LIBRARIES = YES;
				DEVELOPMENT_TEAM = 77R6F6KEK4;
				INFOPLIST_FILE = ZONEUITests/Info.plist;
				LD_RUNPATH_SEARCH_PATHS = "$(inherited) @executable_path/Frameworks @loader_path/Frameworks";
				PRODUCT_BUNDLE_IDENTIFIER = com.z.com.ZONEUITests;
				PRODUCT_NAME = "$(TARGET_NAME)";
				SWIFT_VERSION = 3.0;
				TEST_TARGET_NAME = ZONE;
			};
			name = Debug;
		};
		EF6095461E1245880087E56D /* Release */ = {
			isa = XCBuildConfiguration;
			buildSettings = {
				ALWAYS_EMBED_SWIFT_STANDARD_LIBRARIES = YES;
				DEVELOPMENT_TEAM = 77R6F6KEK4;
				INFOPLIST_FILE = ZONEUITests/Info.plist;
				LD_RUNPATH_SEARCH_PATHS = "$(inherited) @executable_path/Frameworks @loader_path/Frameworks";
				PRODUCT_BUNDLE_IDENTIFIER = com.z.com.ZONEUITests;
				PRODUCT_NAME = "$(TARGET_NAME)";
				SWIFT_VERSION = 3.0;
				TEST_TARGET_NAME = ZONE;
			};
			name = Release;
		};
/* End XCBuildConfiguration section */

/* Begin XCConfigurationList section */
		EF6095111E1245880087E56D /* Build configuration list for PBXProject "ZONE" */ = {
			isa = XCConfigurationList;
			buildConfigurations = (
				EF60953C1E1245880087E56D /* Debug */,
				EF60953D1E1245880087E56D /* Release */,
			);
			defaultConfigurationIsVisible = 0;
			defaultConfigurationName = Release;
		};
		EF60953E1E1245880087E56D /* Build configuration list for PBXNativeTarget "ZONE" */ = {
			isa = XCConfigurationList;
			buildConfigurations = (
				EF60953F1E1245880087E56D /* Debug */,
				EF6095401E1245880087E56D /* Release */,
			);
			defaultConfigurationIsVisible = 0;
			defaultConfigurationName = Release;
		};
		EF6095411E1245880087E56D /* Build configuration list for PBXNativeTarget "ZONETests" */ = {
			isa = XCConfigurationList;
			buildConfigurations = (
				EF6095421E1245880087E56D /* Debug */,
				EF6095431E1245880087E56D /* Release */,
			);
			defaultConfigurationIsVisible = 0;
			defaultConfigurationName = Release;
		};
		EF6095441E1245880087E56D /* Build configuration list for PBXNativeTarget "ZONEUITests" */ = {
			isa = XCConfigurationList;
			buildConfigurations = (
				EF6095451E1245880087E56D /* Debug */,
				EF6095461E1245880087E56D /* Release */,
			);
			defaultConfigurationIsVisible = 0;
			defaultConfigurationName = Release;
		};
/* End XCConfigurationList section */
	};
	rootObject = EF60950E1E1245880087E56D /* Project object */;
}
